[[package]]
name = "boto3"
version = "1.20.31"
description = "The AWS SDK for Python"
category = "main"
optional = false
python-versions = ">= 3.6"

[package.dependencies]
botocore = ">=1.23.31,<1.24.0"
jmespath = ">=0.7.1,<1.0.0"
s3transfer = ">=0.5.0,<0.6.0"

[package.extras]
crt = ["botocore[crt] (>=1.21.0,<2.0a0)"]

[[package]]
name = "botocore"
version = "1.23.31"
description = "Low-level, data-driven core of boto 3."
category = "main"
optional = false
python-versions = ">= 3.6"

[package.dependencies]
jmespath = ">=0.7.1,<1.0.0"
python-dateutil = ">=2.1,<3.0.0"
urllib3 = ">=1.25.4,<1.27"

[package.extras]
crt = ["awscrt (==0.12.5)"]

[[package]]
name = "certifi"
version = "2021.10.8"
description = "Python package for providing Mozilla's CA Bundle."
category = "main"
optional = false
python-versions = "*"

[[package]]
name = "charset-normalizer"
version = "2.0.10"
description = "The Real First Universal Charset Detector. Open, modern and actively maintained alternative to Chardet."
category = "main"
optional = false
python-versions = ">=3.5.0"

[package.extras]
unicode_backport = ["unicodedata2"]

[[package]]
name = "csv2parquet"
version = "0.0.9"
description = "A tool to convert CSVs to Parquet files"
category = "main"
optional = false
python-versions = "*"

[[package]]
name = "idna"
version = "3.3"
description = "Internationalized Domain Names in Applications (IDNA)"
category = "main"
optional = false
python-versions = ">=3.5"

[[package]]
name = "jmespath"
version = "0.10.0"
description = "JSON Matching Expressions"
category = "main"
optional = false
python-versions = ">=2.6, !=3.0.*, !=3.1.*, !=3.2.*"

[[package]]
name = "numpy"
version = "1.21.1"
description = "NumPy is the fundamental package for array computing with Python."
category = "main"
optional = false
python-versions = ">=3.7"

[[package]]
name = "pyarrow"
version = "6.0.1"
description = "Python library for Apache Arrow"
category = "main"
optional = false
python-versions = ">=3.6"

[package.dependencies]
numpy = ">=1.16.6"

[[package]]
name = "python-dateutil"
version = "2.8.2"
description = "Extensions to the standard Python datetime module"
category = "main"
optional = false
python-versions = "!=3.0.*,!=3.1.*,!=3.2.*,>=2.7"

[package.dependencies]
six = ">=1.5"

[[package]]
name = "pytz"
version = "2021.3"
description = "World timezone definitions, modern and historical"
category = "main"
optional = false
python-versions = "*"

[[package]]
name = "requests"
version = "2.27.1"
description = "Python HTTP for Humans."
category = "main"
optional = false
python-versions = ">=2.7, !=3.0.*, !=3.1.*, !=3.2.*, !=3.3.*, !=3.4.*, !=3.5.*"

[package.dependencies]
certifi = ">=2017.4.17"
charset-normalizer = {version = ">=2.0.0,<2.1.0", markers = "python_version >= \"3\""}
idna = {version = ">=2.5,<4", markers = "python_version >= \"3\""}
urllib3 = ">=1.21.1,<1.27"

[package.extras]
socks = ["PySocks (>=1.5.6,!=1.5.7)", "win-inet-pton"]
use_chardet_on_py3 = ["chardet (>=3.0.2,<5)"]

[[package]]
name = "s3transfer"
version = "0.5.0"
description = "An Amazon S3 Transfer Manager"
category = "main"
optional = false
python-versions = ">= 3.6"

[package.dependencies]
botocore = ">=1.12.36,<2.0a.0"

[package.extras]
crt = ["botocore[crt] (>=1.20.29,<2.0a.0)"]

[[package]]
name = "six"
version = "1.16.0"
description = "Python 2 and 3 compatibility utilities"
category = "main"
optional = false
python-versions = ">=2.7, !=3.0.*, !=3.1.*, !=3.2.*"

[[package]]
name = "sodapy"
version = "2.1.0"
description = "Python library for the Socrata Open Data API"
category = "main"
optional = false
python-versions = "*"

[package.dependencies]
requests = ">=2.20.0"

[[package]]
name = "urllib3"
version = "1.26.8"
description = "HTTP library with thread-safe connection pooling, file post, and more."
category = "main"
optional = false
python-versions = ">=2.7, !=3.0.*, !=3.1.*, !=3.2.*, !=3.3.*, !=3.4.*, <4"

[package.extras]
brotli = ["brotlipy (>=0.6.0)"]
secure = ["pyOpenSSL (>=0.14)", "cryptography (>=1.3.4)", "idna (>=2.0.0)", "certifi", "ipaddress"]
socks = ["PySocks (>=1.5.6,!=1.5.7,<2.0)"]

[metadata]
lock-version = "1.1"
python-versions = "^3.7"
content-hash = "394e3e07c0b65a5055475bb4b765a0d70c49deb5611520dceb0df889d9283f0a"

[metadata.files]
boto3 = [
    {file = "boto3-1.20.31-py3-none-any.whl", hash = "sha256:948e81af347085e6bc5ff08368d7901afec9e7628adf180c9cc856c7b0ae3395"},
    {file = "boto3-1.20.31.tar.gz", hash = "sha256:3003d64ebef678b89a9909d2df3836160c7cbad5cbfe6c995a61de0875b36237"},
]
botocore = [
    {file = "botocore-1.23.31-py3-none-any.whl", hash = "sha256:187c736ce242bbea3d1440c580d270e0fd839276c5cc3938a85b8c59366c1803"},
    {file = "botocore-1.23.31.tar.gz", hash = "sha256:bb34fa60ab894f9a4a1f7de36e32a68ce17f302108f83732c3ca99c7da2bf68c"},
]
certifi = [
    {file = "certifi-2021.10.8-py2.py3-none-any.whl", hash = "sha256:d62a0163eb4c2344ac042ab2bdf75399a71a2d8c7d47eac2e2ee91b9d6339569"},
    {file = "certifi-2021.10.8.tar.gz", hash = "sha256:78884e7c1d4b00ce3cea67b44566851c4343c120abd683433ce934a68ea58872"},
]
charset-normalizer = [
    {file = "charset-normalizer-2.0.10.tar.gz", hash = "sha256:876d180e9d7432c5d1dfd4c5d26b72f099d503e8fcc0feb7532c9289be60fcbd"},
    {file = "charset_normalizer-2.0.10-py3-none-any.whl", hash = "sha256:cb957888737fc0bbcd78e3df769addb41fd1ff8cf950dc9e7ad7793f1bf44455"},
]
csv2parquet = [
    {file = "csv2parquet-0.0.9-py3-none-any.whl", hash = "sha256:d090517e13561f3d809505c8b5fd00795bae1373a1677950e368c447a9660690"},
    {file = "csv2parquet-0.0.9.tar.gz", hash = "sha256:eb80cf4aff460636e8f1e62bbc105e047bfde98c504f24f2f4e6c47aa0654472"},
]
idna = [
    {file = "idna-3.3-py3-none-any.whl", hash = "sha256:84d9dd047ffa80596e0f246e2eab0b391788b0503584e8945f2368256d2735ff"},
    {file = "idna-3.3.tar.gz", hash = "sha256:9d643ff0a55b762d5cdb124b8eaa99c66322e2157b69160bc32796e824360e6d"},
]
jmespath = [
    {file = "jmespath-0.10.0-py2.py3-none-any.whl", hash = "sha256:cdf6525904cc597730141d61b36f2e4b8ecc257c420fa2f4549bac2c2d0cb72f"},
    {file = "jmespath-0.10.0.tar.gz", hash = "sha256:b85d0567b8666149a93172712e68920734333c0ce7e89b78b3e987f71e5ed4f9"},
]
numpy = [
    {file = "numpy-1.21.1-cp37-cp37m-macosx_10_9_x86_64.whl", hash = "sha256:38e8648f9449a549a7dfe8d8755a5979b45b3538520d1e735637ef28e8c2dc50"},
    {file = "numpy-1.21.1-cp37-cp37m-manylinux_2_12_i686.manylinux2010_i686.whl", hash = "sha256:fd7d7409fa643a91d0a05c7554dd68aa9c9bb16e186f6ccfe40d6e003156e33a"},
    {file = "numpy-1.21.1-cp37-cp37m-manylinux_2_12_x86_64.manylinux2010_x86_64.whl", hash = "sha256:a75b4498b1e93d8b700282dc8e655b8bd559c0904b3910b144646dbbbc03e062"},
    {file = "numpy-1.21.1-cp37-cp37m-manylinux_2_17_aarch64.manylinux2014_aarch64.whl", hash = "sha256:1412aa0aec3e00bc23fbb8664d76552b4efde98fb71f60737c83efbac24112f1"},
    {file = "numpy-1.21.1-cp37-cp37m-manylinux_2_5_i686.manylinux1_i686.whl", hash = "sha256:e46ceaff65609b5399163de5893d8f2a82d3c77d5e56d976c8b5fb01faa6b671"},
    {file = "numpy-1.21.1-cp37-cp37m-manylinux_2_5_x86_64.manylinux1_x86_64.whl", hash = "sha256:c6a2324085dd52f96498419ba95b5777e40b6bcbc20088fddb9e8cbb58885e8e"},
    {file = "numpy-1.21.1-cp37-cp37m-win32.whl", hash = "sha256:73101b2a1fef16602696d133db402a7e7586654682244344b8329cdcbbb82172"},
    {file = "numpy-1.21.1-cp37-cp37m-win_amd64.whl", hash = "sha256:7a708a79c9a9d26904d1cca8d383bf869edf6f8e7650d85dbc77b041e8c5a0f8"},
    {file = "numpy-1.21.1-cp38-cp38-macosx_10_9_universal2.whl", hash = "sha256:95b995d0c413f5d0428b3f880e8fe1660ff9396dcd1f9eedbc311f37b5652e16"},
    {file = "numpy-1.21.1-cp38-cp38-macosx_10_9_x86_64.whl", hash = "sha256:635e6bd31c9fb3d475c8f44a089569070d10a9ef18ed13738b03049280281267"},
    {file = "numpy-1.21.1-cp38-cp38-macosx_11_0_arm64.whl", hash = "sha256:4a3d5fb89bfe21be2ef47c0614b9c9c707b7362386c9a3ff1feae63e0267ccb6"},
    {file = "numpy-1.21.1-cp38-cp38-manylinux_2_12_i686.manylinux2010_i686.whl", hash = "sha256:8a326af80e86d0e9ce92bcc1e65c8ff88297de4fa14ee936cb2293d414c9ec63"},
    {file = "numpy-1.21.1-cp38-cp38-manylinux_2_12_x86_64.manylinux2010_x86_64.whl", hash = "sha256:791492091744b0fe390a6ce85cc1bf5149968ac7d5f0477288f78c89b385d9af"},
    {file = "numpy-1.21.1-cp38-cp38-manylinux_2_17_aarch64.manylinux2014_aarch64.whl", hash = "sha256:0318c465786c1f63ac05d7c4dbcecd4d2d7e13f0959b01b534ea1e92202235c5"},
    {file = "numpy-1.21.1-cp38-cp38-manylinux_2_5_i686.manylinux1_i686.whl", hash = "sha256:9a513bd9c1551894ee3d31369f9b07460ef223694098cf27d399513415855b68"},
    {file = "numpy-1.21.1-cp38-cp38-manylinux_2_5_x86_64.manylinux1_x86_64.whl", hash = "sha256:91c6f5fc58df1e0a3cc0c3a717bb3308ff850abdaa6d2d802573ee2b11f674a8"},
    {file = "numpy-1.21.1-cp38-cp38-win32.whl", hash = "sha256:978010b68e17150db8765355d1ccdd450f9fc916824e8c4e35ee620590e234cd"},
    {file = "numpy-1.21.1-cp38-cp38-win_amd64.whl", hash = "sha256:9749a40a5b22333467f02fe11edc98f022133ee1bfa8ab99bda5e5437b831214"},
    {file = "numpy-1.21.1-cp39-cp39-macosx_10_9_universal2.whl", hash = "sha256:d7a4aeac3b94af92a9373d6e77b37691b86411f9745190d2c351f410ab3a791f"},
    {file = "numpy-1.21.1-cp39-cp39-macosx_10_9_x86_64.whl", hash = "sha256:d9e7912a56108aba9b31df688a4c4f5cb0d9d3787386b87d504762b6754fbb1b"},
    {file = "numpy-1.21.1-cp39-cp39-macosx_11_0_arm64.whl", hash = "sha256:25b40b98ebdd272bc3020935427a4530b7d60dfbe1ab9381a39147834e985eac"},
    {file = "numpy-1.21.1-cp39-cp39-manylinux_2_12_i686.manylinux2010_i686.whl", hash = "sha256:8a92c5aea763d14ba9d6475803fc7904bda7decc2a0a68153f587ad82941fec1"},
    {file = "numpy-1.21.1-cp39-cp39-manylinux_2_12_x86_64.manylinux2010_x86_64.whl", hash = "sha256:05a0f648eb28bae4bcb204e6fd14603de2908de982e761a2fc78efe0f19e96e1"},
    {file = "numpy-1.21.1-cp39-cp39-manylinux_2_17_aarch64.manylinux2014_aarch64.whl", hash = "sha256:f01f28075a92eede918b965e86e8f0ba7b7797a95aa8d35e1cc8821f5fc3ad6a"},
    {file = "numpy-1.21.1-cp39-cp39-win32.whl", hash = "sha256:88c0b89ad1cc24a5efbb99ff9ab5db0f9a86e9cc50240177a571fbe9c2860ac2"},
    {file = "numpy-1.21.1-cp39-cp39-win_amd64.whl", hash = "sha256:01721eefe70544d548425a07c80be8377096a54118070b8a62476866d5208e33"},
    {file = "numpy-1.21.1-pp37-pypy37_pp73-manylinux_2_12_x86_64.manylinux2010_x86_64.whl", hash = "sha256:2d4d1de6e6fb3d28781c73fbde702ac97f03d79e4ffd6598b880b2d95d62ead4"},
    {file = "numpy-1.21.1.zip", hash = "sha256:dff4af63638afcc57a3dfb9e4b26d434a7a602d225b42d746ea7fe2edf1342fd"},
]
pyarrow = [
    {file = "pyarrow-6.0.1-cp310-cp310-macosx_10_13_universal2.whl", hash = "sha256:c80d2436294a07f9cc54852aa1cef034b6f9c97d29235c4bd53bbf52e24f1ebf"},
    {file = "pyarrow-6.0.1-cp310-cp310-macosx_10_13_x86_64.whl", hash = "sha256:f150b4f222d0ba397388908725692232345adaa8e58ad543ca00f03c7234ae7b"},
    {file = "pyarrow-6.0.1-cp310-cp310-macosx_10_9_x86_64.whl", hash = "sha256:c3a727642c1283dcb44728f0d0a00f8864b171e31c835f4b8def07e3fa8f5c73"},
    {file = "pyarrow-6.0.1-cp310-cp310-macosx_11_0_arm64.whl", hash = "sha256:d29605727865177918e806d855fd8404b6242bf1e56ade0a0023cd4fe5f7f841"},
    {file = "pyarrow-6.0.1-cp310-cp310-manylinux_2_12_x86_64.manylinux2010_x86_64.whl", hash = "sha256:b63b54dd0bada05fff76c15b233f9322de0e6947071b7871ec45024e16045aeb"},
    {file = "pyarrow-6.0.1-cp310-cp310-manylinux_2_17_aarch64.manylinux2014_aarch64.whl", hash = "sha256:9e90e75cb11e61ffeffb374f1db7c4788f1df0cb269596bf86c473155294958d"},
    {file = "pyarrow-6.0.1-cp310-cp310-manylinux_2_17_x86_64.manylinux2014_x86_64.whl", hash = "sha256:1f4f3db1da51db4cfbafab3066a01b01578884206dced9f505da950d9ed4402d"},
    {file = "pyarrow-6.0.1-cp310-cp310-win_amd64.whl", hash = "sha256:2523f87bd36877123fc8c4813f60d298722143ead73e907690a87e8557114693"},
    {file = "pyarrow-6.0.1-cp36-cp36m-macosx_10_13_x86_64.whl", hash = "sha256:8f7d34efb9d667f9204b40ce91a77613c46691c24cd098e3b6986bd7401b8f06"},
    {file = "pyarrow-6.0.1-cp36-cp36m-macosx_10_9_x86_64.whl", hash = "sha256:e3c9184335da8faf08c0df95668ce9d778df3795ce4eec959f44908742900e10"},
    {file = "pyarrow-6.0.1-cp36-cp36m-manylinux_2_12_x86_64.manylinux2010_x86_64.whl", hash = "sha256:02baee816456a6e64486e587caaae2bf9f084fa3a891354ff18c3e945a1cb72f"},
    {file = "pyarrow-6.0.1-cp36-cp36m-manylinux_2_17_aarch64.manylinux2014_aarch64.whl", hash = "sha256:604782b1c744b24a55df80125991a7154fbdef60991eb3d02bfaed06d22f055e"},
    {file = "pyarrow-6.0.1-cp36-cp36m-manylinux_2_17_x86_64.manylinux2014_x86_64.whl", hash = "sha256:fab8132193ae095c43b1e8d6d7f393451ac198de5aaf011c6b576b1442966fec"},
    {file = "pyarrow-6.0.1-cp36-cp36m-win_amd64.whl", hash = "sha256:31038366484e538608f43920a5e2957b8862a43aa49438814619b527f50ec127"},
    {file = "pyarrow-6.0.1-cp37-cp37m-macosx_10_13_x86_64.whl", hash = "sha256:632bea00c2fbe2da5d29ff1698fec312ed3aabfb548f06100144e1907e22093a"},
    {file = "pyarrow-6.0.1-cp37-cp37m-macosx_10_9_x86_64.whl", hash = "sha256:dc03c875e5d68b0d0143f94c438add3ab3c2411ade2748423a9c24608fea571e"},
    {file = "pyarrow-6.0.1-cp37-cp37m-manylinux_2_12_x86_64.manylinux2010_x86_64.whl", hash = "sha256:1cd4de317df01679e538004123d6d7bc325d73bad5c6bbc3d5f8aa2280408869"},
    {file = "pyarrow-6.0.1-cp37-cp37m-manylinux_2_17_aarch64.manylinux2014_aarch64.whl", hash = "sha256:e77b1f7c6c08ec319b7882c1a7c7304731530923532b3243060e6e64c456cf34"},
    {file = "pyarrow-6.0.1-cp37-cp37m-manylinux_2_17_x86_64.manylinux2014_x86_64.whl", hash = "sha256:a424fd9a3253d0322d53be7bbb20b5b01511706a61efadcf37f416da325e3d48"},
    {file = "pyarrow-6.0.1-cp37-cp37m-win_amd64.whl", hash = "sha256:c958cf3a4a9eee09e1063c02b89e882d19c61b3a2ce6cbd55191a6f45ed5004b"},
    {file = "pyarrow-6.0.1-cp38-cp38-macosx_10_13_x86_64.whl", hash = "sha256:0e0ef24b316c544f4bb56f5c376129097df3739e665feca0eb567f716d45c55a"},
    {file = "pyarrow-6.0.1-cp38-cp38-macosx_10_9_x86_64.whl", hash = "sha256:2c13ec3b26b3b069d673c5fa3a0c70c38f0d5c94686ac5dbc9d7e7d24040f812"},
    {file = "pyarrow-6.0.1-cp38-cp38-macosx_11_0_arm64.whl", hash = "sha256:71891049dc58039a9523e1cb0d921be001dacb2b327fa7b62a35b96a3aad9f0d"},
    {file = "pyarrow-6.0.1-cp38-cp38-manylinux_2_12_x86_64.manylinux2010_x86_64.whl", hash = "sha256:943141dd8cca6c5722552a0b11a3c2e791cdf85f1768dea8170b0a8a7e824ff9"},
    {file = "pyarrow-6.0.1-cp38-cp38-manylinux_2_17_aarch64.manylinux2014_aarch64.whl", hash = "sha256:1fd077c06061b8fa8fdf91591a4270e368f63cf73c6ab56924d3b64efa96a873"},
    {file = "pyarrow-6.0.1-cp38-cp38-manylinux_2_17_x86_64.manylinux2014_x86_64.whl", hash = "sha256:5308f4bb770b48e07c8cff36cf6a4452862e8ce9492428ad5581d846420b3884"},
    {file = "pyarrow-6.0.1-cp38-cp38-win_amd64.whl", hash = "sha256:cde4f711cd9476d4da18128c3a40cb529b6b7d2679aee6e0576212547530fef1"},
    {file = "pyarrow-6.0.1-cp39-cp39-macosx_10_13_universal2.whl", hash = "sha256:b8628269bd9289cae0ea668f5900451043252fe3666667f614e140084dd31aac"},
    {file = "pyarrow-6.0.1-cp39-cp39-macosx_10_13_x86_64.whl", hash = "sha256:981ccdf4f2696550733e18da882469893d2f33f55f3cbeb6a90f81741cbf67aa"},
    {file = "pyarrow-6.0.1-cp39-cp39-macosx_10_9_x86_64.whl", hash = "sha256:954326b426eec6e31ff55209f8840b54d788420e96c4005aaa7beed1fe60b42d"},
    {file = "pyarrow-6.0.1-cp39-cp39-macosx_11_0_arm64.whl", hash = "sha256:6b6483bf6b61fe9a046235e4ad4d9286b707607878d7dbdc2eb85a6ec4090baf"},
    {file = "pyarrow-6.0.1-cp39-cp39-manylinux_2_12_x86_64.manylinux2010_x86_64.whl", hash = "sha256:7ecad40a1d4e0104cd87757a403f36850261e7a989cf9e4cb3e30420bbbd1092"},
    {file = "pyarrow-6.0.1-cp39-cp39-manylinux_2_17_aarch64.manylinux2014_aarch64.whl", hash = "sha256:04c752fb41921d0064568a15a87dbb0222cfbe9040d4b2c1b306fe6e0a453530"},
    {file = "pyarrow-6.0.1-cp39-cp39-manylinux_2_17_x86_64.manylinux2014_x86_64.whl", hash = "sha256:725d3fe49dfe392ff14a8ae6a75b230a60e8985f2b621b18cfa912fe02b65f1a"},
    {file = "pyarrow-6.0.1-cp39-cp39-win_amd64.whl", hash = "sha256:2403c8af207262ce8e2bc1a9d19313941fd2e424f1cb3c4b749c17efe1fd699a"},
    {file = "pyarrow-6.0.1.tar.gz", hash = "sha256:423990d56cd8f12283b67367d48e142739b789085185018eb03d05087c3c8d43"},
]
python-dateutil = [
    {file = "python-dateutil-2.8.2.tar.gz", hash = "sha256:0123cacc1627ae19ddf3c27a5de5bd67ee4586fbdd6440d9748f8abb483d3e86"},
    {file = "python_dateutil-2.8.2-py2.py3-none-any.whl", hash = "sha256:961d03dc3453ebbc59dbdea9e4e11c5651520a876d0f4db161e8674aae935da9"},
]
pytz = [
    {file = "pytz-2021.3-py2.py3-none-any.whl", hash = "sha256:3672058bc3453457b622aab7a1c3bfd5ab0bdae451512f6cf25f64ed37f5b87c"},
    {file = "pytz-2021.3.tar.gz", hash = "sha256:acad2d8b20a1af07d4e4c9d2e9285c5ed9104354062f275f3fcd88dcef4f1326"},
]
requests = [
    {file = "requests-2.27.1-py2.py3-none-any.whl", hash = "sha256:f22fa1e554c9ddfd16e6e41ac79759e17be9e492b3587efa038054674760e72d"},
    {file = "requests-2.27.1.tar.gz", hash = "sha256:68d7c56fd5a8999887728ef304a6d12edc7be74f1cfa47714fc8b414525c9a61"},
]
s3transfer = [
    {file = "s3transfer-0.5.0-py3-none-any.whl", hash = "sha256:9c1dc369814391a6bda20ebbf4b70a0f34630592c9aa520856bf384916af2803"},
    {file = "s3transfer-0.5.0.tar.gz", hash = "sha256:50ed823e1dc5868ad40c8dc92072f757aa0e653a192845c94a3b676f4a62da4c"},
]
six = [
    {file = "six-1.16.0-py2.py3-none-any.whl", hash = "sha256:8abb2f1d86890a2dfb989f9a77cfcfd3e47c2a354b01111771326f8aa26e0254"},
    {file = "six-1.16.0.tar.gz", hash = "sha256:1e61c37477a1626458e36f7b1d82aa5c9b094fa4802892072e49de9c60c4c926"},
]
sodapy = [
    {file = "sodapy-2.1.0-py2.py3-none-any.whl", hash = "sha256:c1d30f01eab50014c356b4e315368a3beb914b2c4fb78af48edc5721866a7f26"},
    {file = "sodapy-2.1.0.tar.gz", hash = "sha256:44e701efc16600d2b3b24b56b6e1d3a0e55567909b9ac84af8f9d1eb4870dc0f"},
]
urllib3 = [
    {file = "urllib3-1.26.8-py2.py3-none-any.whl", hash = "sha256:000ca7f471a233c2251c6c7023ee85305721bfdf18621ebff4fd17a8653427ed"},
    {file = "urllib3-1.26.8.tar.gz", hash = "sha256:0e7c33d9a63e7ddfcb86780aac87befc2fbddf46c58dbb487e0855f7ceec283c"},
]
