# This file is automatically @generated by Poetry 1.5.0 and should not be changed by hand.

[[package]]
name = "certifi"
version = "2022.12.7"
description = "Python package for providing Mozilla's CA Bundle."
optional = false
python-versions = ">=3.6"
files = [
    {file = "certifi-2022.12.7-py3-none-any.whl", hash = "sha256:4ad3232f5e926d6718ec31cfc1fcadfde020920e278684144551c91769c7bc18"},
    {file = "certifi-2022.12.7.tar.gz", hash = "sha256:35824b4c3a97115964b408844d64aa14db1cc518f6562e8d7261699d1350a9e3"},
]

[[package]]
name = "charset-normalizer"
version = "2.1.0"
description = "The Real First Universal Charset Detector. Open, modern and actively maintained alternative to Chardet."
optional = false
python-versions = ">=3.6.0"
files = [
    {file = "charset-normalizer-2.1.0.tar.gz", hash = "sha256:575e708016ff3a5e3681541cb9d79312c416835686d054a23accb873b254f413"},
    {file = "charset_normalizer-2.1.0-py3-none-any.whl", hash = "sha256:5189b6f22b01957427f35b6a08d9a0bc45b46d3788ef5a92e978433c7a35f8a5"},
]

[package.extras]
unicode-backport = ["unicodedata2"]

[[package]]
name = "duckdb"
version = "0.8.0"
description = "DuckDB embedded database"
optional = false
python-versions = "*"
files = [
    {file = "duckdb-0.8.0-cp310-cp310-macosx_10_9_universal2.whl", hash = "sha256:6455aee00af30770c20f4a8c5e4347918cf59b578f49ee996a13807b12911871"},
    {file = "duckdb-0.8.0-cp310-cp310-macosx_10_9_x86_64.whl", hash = "sha256:b8cf0622ae7f86d4ce72791f8928af4357a46824aadf1b6879c7936b3db65344"},
    {file = "duckdb-0.8.0-cp310-cp310-macosx_11_0_arm64.whl", hash = "sha256:6132e8183ca3ae08a593e43c97cb189794077dedd48546e27ce43bd6a51a9c33"},
    {file = "duckdb-0.8.0-cp310-cp310-manylinux_2_17_i686.manylinux2014_i686.whl", hash = "sha256:fe29e5343fa2a95f2cde4519a4f4533f4fd551a48d2d9a8ab5220d40ebf53610"},
    {file = "duckdb-0.8.0-cp310-cp310-manylinux_2_17_x86_64.manylinux2014_x86_64.whl", hash = "sha256:945165987ca87c097dc0e578dcf47a100cad77e1c29f5dd8443d53ce159dc22e"},
    {file = "duckdb-0.8.0-cp310-cp310-musllinux_1_1_i686.whl", hash = "sha256:673c60daf7ada1d9a8518286a6893ec45efabb64602954af5f3d98f42912fda6"},
    {file = "duckdb-0.8.0-cp310-cp310-musllinux_1_1_x86_64.whl", hash = "sha256:d5075fe1ff97ae62331ca5c61e3597e6e9f7682a6fdd418c23ba5c4873ed5cd1"},
    {file = "duckdb-0.8.0-cp310-cp310-win32.whl", hash = "sha256:001f5102f45d3d67f389fa8520046c8f55a99e2c6d43b8e68b38ea93261c5395"},
    {file = "duckdb-0.8.0-cp310-cp310-win_amd64.whl", hash = "sha256:cb00800f2e1e865584b13221e0121fce9341bb3a39a93e569d563eaed281f528"},
    {file = "duckdb-0.8.0-cp311-cp311-macosx_10_9_universal2.whl", hash = "sha256:b2707096d6df4321044fcde2c9f04da632d11a8be60957fd09d49a42fae71a29"},
    {file = "duckdb-0.8.0-cp311-cp311-macosx_10_9_x86_64.whl", hash = "sha256:b27df1b70ae74d2c88efb5ffca8490954fdc678099509a9c4404ca30acc53426"},
    {file = "duckdb-0.8.0-cp311-cp311-macosx_11_0_arm64.whl", hash = "sha256:75a97c800271b52dd0f37696d074c50576dcb4b2750b6115932a98696a268070"},
    {file = "duckdb-0.8.0-cp311-cp311-manylinux_2_17_i686.manylinux2014_i686.whl", hash = "sha256:804cac261a5e016506a6d67838a65d19b06a237f7949f1704f0e800eb708286a"},
    {file = "duckdb-0.8.0-cp311-cp311-manylinux_2_17_x86_64.manylinux2014_x86_64.whl", hash = "sha256:c6b9abca7fa6713e1d031c18485343b4de99742c7e1b85c10718aa2f31a4e2c6"},
    {file = "duckdb-0.8.0-cp311-cp311-musllinux_1_1_i686.whl", hash = "sha256:51aa6d606d49072abcfeb3be209eb559ac94c1b5e70f58ac3adbb94aca9cd69f"},
    {file = "duckdb-0.8.0-cp311-cp311-musllinux_1_1_x86_64.whl", hash = "sha256:7c8dc769aaf2be0a1c57995ca657e5b92c1c56fc8437edb720ca6cab571adf14"},
    {file = "duckdb-0.8.0-cp311-cp311-win32.whl", hash = "sha256:c4207d18b42387c4a035846d8878eb967070198be8ac26fd77797ce320d1a400"},
    {file = "duckdb-0.8.0-cp311-cp311-win_amd64.whl", hash = "sha256:0c392257547c20794c3072fcbca99a49ef0a49974005d755e93893e2b4875267"},
    {file = "duckdb-0.8.0-cp36-cp36m-macosx_10_9_x86_64.whl", hash = "sha256:2832379e122020814dbe869af7b9ddf3c9f21474cf345531145b099c63ffe17e"},
    {file = "duckdb-0.8.0-cp36-cp36m-win32.whl", hash = "sha256:914896526f7caba86b170f2c4f17f11fd06540325deeb0000cb4fb24ec732966"},
    {file = "duckdb-0.8.0-cp36-cp36m-win_amd64.whl", hash = "sha256:022ebda86d0e3204cdc206e4af45aa9f0ae0668b34c2c68cf88e08355af4a372"},
    {file = "duckdb-0.8.0-cp37-cp37m-macosx_10_9_x86_64.whl", hash = "sha256:96a31c0f3f4ccbf0f5b18f94319f37691205d82f80aae48c6fe04860d743eb2c"},
    {file = "duckdb-0.8.0-cp37-cp37m-manylinux_2_17_i686.manylinux2014_i686.whl", hash = "sha256:a07c73c6e6a8cf4ce1a634625e0d1b17e5b817242a8a530d26ed84508dfbdc26"},
    {file = "duckdb-0.8.0-cp37-cp37m-manylinux_2_17_x86_64.manylinux2014_x86_64.whl", hash = "sha256:424acbd6e857531b06448d757d7c2557938dbddbff0632092090efbf413b4699"},
    {file = "duckdb-0.8.0-cp37-cp37m-musllinux_1_1_i686.whl", hash = "sha256:c83cfd2a868f1acb0692b9c3fd5ef1d7da8faa1348c6eabf421fbf5d8c2f3eb8"},
    {file = "duckdb-0.8.0-cp37-cp37m-musllinux_1_1_x86_64.whl", hash = "sha256:5c6f6b2d8db56936f662c649539df81856b5a8cb769a31f9544edf18af2a11ff"},
    {file = "duckdb-0.8.0-cp37-cp37m-win32.whl", hash = "sha256:0bd6376b40a512172eaf4aa816813b1b9d68994292ca436ce626ccd5f77f8184"},
    {file = "duckdb-0.8.0-cp37-cp37m-win_amd64.whl", hash = "sha256:931221885bcf1e7dfce2400f11fd048a7beef566b775f1453bb1db89b828e810"},
    {file = "duckdb-0.8.0-cp38-cp38-macosx_10_9_universal2.whl", hash = "sha256:42e7853d963d68e72403ea208bcf806b0f28c7b44db0aa85ce49bb124d56c133"},
    {file = "duckdb-0.8.0-cp38-cp38-macosx_10_9_x86_64.whl", hash = "sha256:fcc338399175be3d43366576600aef7d72e82114d415992a7a95aded98a0f3fd"},
    {file = "duckdb-0.8.0-cp38-cp38-macosx_11_0_arm64.whl", hash = "sha256:03dd08a4624d6b581a59f9f9dbfd34902416398d16795ad19f92361cf21fd9b5"},
    {file = "duckdb-0.8.0-cp38-cp38-manylinux_2_17_i686.manylinux2014_i686.whl", hash = "sha256:0c7c24ea0c9d8563dbd5ad49ccb54b7a9a3c7b8c2833d35e5d32a08549cacea5"},
    {file = "duckdb-0.8.0-cp38-cp38-manylinux_2_17_x86_64.manylinux2014_x86_64.whl", hash = "sha256:cb58f6505cc0f34b4e976154302d26563d2e5d16b206758daaa04b65e55d9dd8"},
    {file = "duckdb-0.8.0-cp38-cp38-musllinux_1_1_i686.whl", hash = "sha256:ef37ac7880100c4b3f913c8483a29a13f8289313b9a07df019fadfa8e7427544"},
    {file = "duckdb-0.8.0-cp38-cp38-musllinux_1_1_x86_64.whl", hash = "sha256:c2a4f5ee913ca8a6a069c78f8944b9934ffdbc71fd935f9576fdcea2a6f476f1"},
    {file = "duckdb-0.8.0-cp38-cp38-win32.whl", hash = "sha256:73831c6d7aefcb5f4072cd677b9efebecbf6c578946d21710791e10a1fc41b9a"},
    {file = "duckdb-0.8.0-cp38-cp38-win_amd64.whl", hash = "sha256:faa36d2854734364d234f37d7ef4f3d763b73cd6b0f799cbc2a0e3b7e2575450"},
    {file = "duckdb-0.8.0-cp39-cp39-macosx_10_9_universal2.whl", hash = "sha256:50a31ec237ed619e50f9ab79eb0ec5111eb9697d4475da6e0ab22c08495ce26b"},
    {file = "duckdb-0.8.0-cp39-cp39-macosx_10_9_x86_64.whl", hash = "sha256:351abb4cc2d229d043920c4bc2a4c29ca31a79fef7d7ef8f6011cf4331f297bf"},
    {file = "duckdb-0.8.0-cp39-cp39-macosx_11_0_arm64.whl", hash = "sha256:568550a163aca6a787bef8313e358590254de3f4019025a8d68c3a61253fedc1"},
    {file = "duckdb-0.8.0-cp39-cp39-manylinux_2_17_i686.manylinux2014_i686.whl", hash = "sha256:2b82617f0e7f9fc080eda217090d82b42d4fad083bc9f6d58dfda9cecb7e3b29"},
    {file = "duckdb-0.8.0-cp39-cp39-manylinux_2_17_x86_64.manylinux2014_x86_64.whl", hash = "sha256:d01c9be34d272532b75e8faedda0ff77fa76d1034cde60b8f5768ae85680d6d3"},
    {file = "duckdb-0.8.0-cp39-cp39-musllinux_1_1_i686.whl", hash = "sha256:8549d6a6bf5f00c012b6916f605416226507e733a3ffc57451682afd6e674d1b"},
    {file = "duckdb-0.8.0-cp39-cp39-musllinux_1_1_x86_64.whl", hash = "sha256:8d145c6d51e55743c3ed1a74cffa109d9e72f82b07e203b436cfa453c925313a"},
    {file = "duckdb-0.8.0-cp39-cp39-win32.whl", hash = "sha256:f8610dfd21e90d7b04e8598b244bf3ad68599fd6ba0daad3428c03cbfd74dced"},
    {file = "duckdb-0.8.0-cp39-cp39-win_amd64.whl", hash = "sha256:d0f0f104d30418808bafbe9bccdcd238588a07bd246b3cff13842d60bfd8e8ba"},
    {file = "duckdb-0.8.0.tar.gz", hash = "sha256:c68da35bab5072a64ada2646a5b343da620ddc75a7a6e84aa4a1e0628a7ec18f"},
]

[[package]]
name = "idna"
version = "3.3"
description = "Internationalized Domain Names in Applications (IDNA)"
optional = false
python-versions = ">=3.5"
files = [
    {file = "idna-3.3-py3-none-any.whl", hash = "sha256:84d9dd047ffa80596e0f246e2eab0b391788b0503584e8945f2368256d2735ff"},
    {file = "idna-3.3.tar.gz", hash = "sha256:9d643ff0a55b762d5cdb124b8eaa99c66322e2157b69160bc32796e824360e6d"},
]

[[package]]
name = "jinja2"
version = "3.1.2"
description = "A very fast and expressive template engine."
optional = false
python-versions = ">=3.7"
files = [
    {file = "Jinja2-3.1.2-py3-none-any.whl", hash = "sha256:6088930bfe239f0e6710546ab9c19c9ef35e29792895fed6e6e31a023a182a61"},
    {file = "Jinja2-3.1.2.tar.gz", hash = "sha256:31351a702a408a9e7595a8fc6150fc3f43bb6bf7e319770cbc0db9df9437e852"},
]

[package.dependencies]
MarkupSafe = ">=2.0"

[package.extras]
i18n = ["Babel (>=2.7)"]

[[package]]
name = "markupsafe"
version = "2.1.2"
description = "Safely add untrusted strings to HTML/XML markup."
optional = false
python-versions = ">=3.7"
files = [
    {file = "MarkupSafe-2.1.2-cp310-cp310-macosx_10_9_universal2.whl", hash = "sha256:665a36ae6f8f20a4676b53224e33d456a6f5a72657d9c83c2aa00765072f31f7"},
    {file = "MarkupSafe-2.1.2-cp310-cp310-macosx_10_9_x86_64.whl", hash = "sha256:340bea174e9761308703ae988e982005aedf427de816d1afe98147668cc03036"},
    {file = "MarkupSafe-2.1.2-cp310-cp310-manylinux_2_17_aarch64.manylinux2014_aarch64.whl", hash = "sha256:22152d00bf4a9c7c83960521fc558f55a1adbc0631fbb00a9471e097b19d72e1"},
    {file = "MarkupSafe-2.1.2-cp310-cp310-manylinux_2_17_x86_64.manylinux2014_x86_64.whl", hash = "sha256:28057e985dace2f478e042eaa15606c7efccb700797660629da387eb289b9323"},
    {file = "MarkupSafe-2.1.2-cp310-cp310-manylinux_2_5_i686.manylinux1_i686.manylinux_2_17_i686.manylinux2014_i686.whl", hash = "sha256:ca244fa73f50a800cf8c3ebf7fd93149ec37f5cb9596aa8873ae2c1d23498601"},
    {file = "MarkupSafe-2.1.2-cp310-cp310-musllinux_1_1_aarch64.whl", hash = "sha256:d9d971ec1e79906046aa3ca266de79eac42f1dbf3612a05dc9368125952bd1a1"},
    {file = "MarkupSafe-2.1.2-cp310-cp310-musllinux_1_1_i686.whl", hash = "sha256:7e007132af78ea9df29495dbf7b5824cb71648d7133cf7848a2a5dd00d36f9ff"},
    {file = "MarkupSafe-2.1.2-cp310-cp310-musllinux_1_1_x86_64.whl", hash = "sha256:7313ce6a199651c4ed9d7e4cfb4aa56fe923b1adf9af3b420ee14e6d9a73df65"},
    {file = "MarkupSafe-2.1.2-cp310-cp310-win32.whl", hash = "sha256:c4a549890a45f57f1ebf99c067a4ad0cb423a05544accaf2b065246827ed9603"},
    {file = "MarkupSafe-2.1.2-cp310-cp310-win_amd64.whl", hash = "sha256:835fb5e38fd89328e9c81067fd642b3593c33e1e17e2fdbf77f5676abb14a156"},
    {file = "MarkupSafe-2.1.2-cp311-cp311-macosx_10_9_universal2.whl", hash = "sha256:2ec4f2d48ae59bbb9d1f9d7efb9236ab81429a764dedca114f5fdabbc3788013"},
    {file = "MarkupSafe-2.1.2-cp311-cp311-macosx_10_9_x86_64.whl", hash = "sha256:608e7073dfa9e38a85d38474c082d4281f4ce276ac0010224eaba11e929dd53a"},
    {file = "MarkupSafe-2.1.2-cp311-cp311-manylinux_2_17_aarch64.manylinux2014_aarch64.whl", hash = "sha256:65608c35bfb8a76763f37036547f7adfd09270fbdbf96608be2bead319728fcd"},
    {file = "MarkupSafe-2.1.2-cp311-cp311-manylinux_2_17_x86_64.manylinux2014_x86_64.whl", hash = "sha256:f2bfb563d0211ce16b63c7cb9395d2c682a23187f54c3d79bfec33e6705473c6"},
    {file = "MarkupSafe-2.1.2-cp311-cp311-manylinux_2_5_i686.manylinux1_i686.manylinux_2_17_i686.manylinux2014_i686.whl", hash = "sha256:da25303d91526aac3672ee6d49a2f3db2d9502a4a60b55519feb1a4c7714e07d"},
    {file = "MarkupSafe-2.1.2-cp311-cp311-musllinux_1_1_aarch64.whl", hash = "sha256:9cad97ab29dfc3f0249b483412c85c8ef4766d96cdf9dcf5a1e3caa3f3661cf1"},
    {file = "MarkupSafe-2.1.2-cp311-cp311-musllinux_1_1_i686.whl", hash = "sha256:085fd3201e7b12809f9e6e9bc1e5c96a368c8523fad5afb02afe3c051ae4afcc"},
    {file = "MarkupSafe-2.1.2-cp311-cp311-musllinux_1_1_x86_64.whl", hash = "sha256:1bea30e9bf331f3fef67e0a3877b2288593c98a21ccb2cf29b74c581a4eb3af0"},
    {file = "MarkupSafe-2.1.2-cp311-cp311-win32.whl", hash = "sha256:7df70907e00c970c60b9ef2938d894a9381f38e6b9db73c5be35e59d92e06625"},
    {file = "MarkupSafe-2.1.2-cp311-cp311-win_amd64.whl", hash = "sha256:e55e40ff0cc8cc5c07996915ad367fa47da6b3fc091fdadca7f5403239c5fec3"},
    {file = "MarkupSafe-2.1.2-cp37-cp37m-macosx_10_9_x86_64.whl", hash = "sha256:a6e40afa7f45939ca356f348c8e23048e02cb109ced1eb8420961b2f40fb373a"},
    {file = "MarkupSafe-2.1.2-cp37-cp37m-manylinux_2_17_aarch64.manylinux2014_aarch64.whl", hash = "sha256:cf877ab4ed6e302ec1d04952ca358b381a882fbd9d1b07cccbfd61783561f98a"},
    {file = "MarkupSafe-2.1.2-cp37-cp37m-manylinux_2_17_x86_64.manylinux2014_x86_64.whl", hash = "sha256:63ba06c9941e46fa389d389644e2d8225e0e3e5ebcc4ff1ea8506dce646f8c8a"},
    {file = "MarkupSafe-2.1.2-cp37-cp37m-manylinux_2_5_i686.manylinux1_i686.manylinux_2_17_i686.manylinux2014_i686.whl", hash = "sha256:f1cd098434e83e656abf198f103a8207a8187c0fc110306691a2e94a78d0abb2"},
    {file = "MarkupSafe-2.1.2-cp37-cp37m-musllinux_1_1_aarch64.whl", hash = "sha256:55f44b440d491028addb3b88f72207d71eeebfb7b5dbf0643f7c023ae1fba619"},
    {file = "MarkupSafe-2.1.2-cp37-cp37m-musllinux_1_1_i686.whl", hash = "sha256:a6f2fcca746e8d5910e18782f976489939d54a91f9411c32051b4aab2bd7c513"},
    {file = "MarkupSafe-2.1.2-cp37-cp37m-musllinux_1_1_x86_64.whl", hash = "sha256:0b462104ba25f1ac006fdab8b6a01ebbfbce9ed37fd37fd4acd70c67c973e460"},
    {file = "MarkupSafe-2.1.2-cp37-cp37m-win32.whl", hash = "sha256:7668b52e102d0ed87cb082380a7e2e1e78737ddecdde129acadb0eccc5423859"},
    {file = "MarkupSafe-2.1.2-cp37-cp37m-win_amd64.whl", hash = "sha256:6d6607f98fcf17e534162f0709aaad3ab7a96032723d8ac8750ffe17ae5a0666"},
    {file = "MarkupSafe-2.1.2-cp38-cp38-macosx_10_9_universal2.whl", hash = "sha256:a806db027852538d2ad7555b203300173dd1b77ba116de92da9afbc3a3be3eed"},
    {file = "MarkupSafe-2.1.2-cp38-cp38-macosx_10_9_x86_64.whl", hash = "sha256:a4abaec6ca3ad8660690236d11bfe28dfd707778e2442b45addd2f086d6ef094"},
    {file = "MarkupSafe-2.1.2-cp38-cp38-manylinux_2_17_aarch64.manylinux2014_aarch64.whl", hash = "sha256:f03a532d7dee1bed20bc4884194a16160a2de9ffc6354b3878ec9682bb623c54"},
    {file = "MarkupSafe-2.1.2-cp38-cp38-manylinux_2_17_x86_64.manylinux2014_x86_64.whl", hash = "sha256:4cf06cdc1dda95223e9d2d3c58d3b178aa5dacb35ee7e3bbac10e4e1faacb419"},
    {file = "MarkupSafe-2.1.2-cp38-cp38-manylinux_2_5_i686.manylinux1_i686.manylinux_2_17_i686.manylinux2014_i686.whl", hash = "sha256:22731d79ed2eb25059ae3df1dfc9cb1546691cc41f4e3130fe6bfbc3ecbbecfa"},
    {file = "MarkupSafe-2.1.2-cp38-cp38-musllinux_1_1_aarch64.whl", hash = "sha256:f8ffb705ffcf5ddd0e80b65ddf7bed7ee4f5a441ea7d3419e861a12eaf41af58"},
    {file = "MarkupSafe-2.1.2-cp38-cp38-musllinux_1_1_i686.whl", hash = "sha256:8db032bf0ce9022a8e41a22598eefc802314e81b879ae093f36ce9ddf39ab1ba"},
    {file = "MarkupSafe-2.1.2-cp38-cp38-musllinux_1_1_x86_64.whl", hash = "sha256:2298c859cfc5463f1b64bd55cb3e602528db6fa0f3cfd568d3605c50678f8f03"},
    {file = "MarkupSafe-2.1.2-cp38-cp38-win32.whl", hash = "sha256:50c42830a633fa0cf9e7d27664637532791bfc31c731a87b202d2d8ac40c3ea2"},
    {file = "MarkupSafe-2.1.2-cp38-cp38-win_amd64.whl", hash = "sha256:bb06feb762bade6bf3c8b844462274db0c76acc95c52abe8dbed28ae3d44a147"},
    {file = "MarkupSafe-2.1.2-cp39-cp39-macosx_10_9_universal2.whl", hash = "sha256:99625a92da8229df6d44335e6fcc558a5037dd0a760e11d84be2260e6f37002f"},
    {file = "MarkupSafe-2.1.2-cp39-cp39-macosx_10_9_x86_64.whl", hash = "sha256:8bca7e26c1dd751236cfb0c6c72d4ad61d986e9a41bbf76cb445f69488b2a2bd"},
    {file = "MarkupSafe-2.1.2-cp39-cp39-manylinux_2_17_aarch64.manylinux2014_aarch64.whl", hash = "sha256:40627dcf047dadb22cd25ea7ecfe9cbf3bbbad0482ee5920b582f3809c97654f"},
    {file = "MarkupSafe-2.1.2-cp39-cp39-manylinux_2_17_x86_64.manylinux2014_x86_64.whl", hash = "sha256:40dfd3fefbef579ee058f139733ac336312663c6706d1163b82b3003fb1925c4"},
    {file = "MarkupSafe-2.1.2-cp39-cp39-manylinux_2_5_i686.manylinux1_i686.manylinux_2_17_i686.manylinux2014_i686.whl", hash = "sha256:090376d812fb6ac5f171e5938e82e7f2d7adc2b629101cec0db8b267815c85e2"},
    {file = "MarkupSafe-2.1.2-cp39-cp39-musllinux_1_1_aarch64.whl", hash = "sha256:2e7821bffe00aa6bd07a23913b7f4e01328c3d5cc0b40b36c0bd81d362faeb65"},
    {file = "MarkupSafe-2.1.2-cp39-cp39-musllinux_1_1_i686.whl", hash = "sha256:c0a33bc9f02c2b17c3ea382f91b4db0e6cde90b63b296422a939886a7a80de1c"},
    {file = "MarkupSafe-2.1.2-cp39-cp39-musllinux_1_1_x86_64.whl", hash = "sha256:b8526c6d437855442cdd3d87eede9c425c4445ea011ca38d937db299382e6fa3"},
    {file = "MarkupSafe-2.1.2-cp39-cp39-win32.whl", hash = "sha256:137678c63c977754abe9086a3ec011e8fd985ab90631145dfb9294ad09c102a7"},
    {file = "MarkupSafe-2.1.2-cp39-cp39-win_amd64.whl", hash = "sha256:0576fe974b40a400449768941d5d0858cc624e3249dfd1e0c33674e5c7ca7aed"},
    {file = "MarkupSafe-2.1.2.tar.gz", hash = "sha256:abcabc8c2b26036d62d4c746381a6f7cf60aafcc653198ad678306986b09450d"},
]

[[package]]
name = "requests"
version = "2.28.1"
description = "Python HTTP for Humans."
optional = false
python-versions = ">=3.7, <4"
files = [
    {file = "requests-2.28.1-py3-none-any.whl", hash = "sha256:8fefa2a1a1365bf5520aac41836fbee479da67864514bdb821f31ce07ce65349"},
    {file = "requests-2.28.1.tar.gz", hash = "sha256:7c5599b102feddaa661c826c56ab4fee28bfd17f5abca1ebbe3e7f19d7c97983"},
]

[package.dependencies]
certifi = ">=2017.4.17"
charset-normalizer = ">=2,<3"
idna = ">=2.5,<4"
urllib3 = ">=1.21.1,<1.27"

[package.extras]
socks = ["PySocks (>=1.5.6,!=1.5.7)"]
use-chardet-on-py3 = ["chardet (>=3.0.2,<6)"]

[[package]]
name = "sodapy"
version = "2.1.1"
description = "Python library for the Socrata Open Data API"
optional = false
python-versions = "*"
files = [
    {file = "sodapy-2.1.1-py2.py3-none-any.whl", hash = "sha256:c688114df2c80ae612e4405aa14e9993a3fd8274b48f80ba86ec7c9540143422"},
    {file = "sodapy-2.1.1.tar.gz", hash = "sha256:6ba8a8e9721c720f9e6c7e3cce5c44ccbbe74ad3e31e49621b63b3b6c6bd2d9f"},
]

[package.dependencies]
requests = ">=2.20.0"

[[package]]
name = "urllib3"
version = "1.26.10"
description = "HTTP library with thread-safe connection pooling, file post, and more."
optional = false
python-versions = ">=2.7, !=3.0.*, !=3.1.*, !=3.2.*, !=3.3.*, !=3.4.*, !=3.5.*, <4"
files = [
    {file = "urllib3-1.26.10-py2.py3-none-any.whl", hash = "sha256:8298d6d56d39be0e3bc13c1c97d133f9b45d797169a0e11cdd0e0489d786f7ec"},
    {file = "urllib3-1.26.10.tar.gz", hash = "sha256:879ba4d1e89654d9769ce13121e0f94310ea32e8d2f8cf587b77c08bbcdb30d6"},
]

[package.extras]
brotli = ["brotli (>=1.0.9)", "brotlicffi (>=0.8.0)", "brotlipy (>=0.6.0)"]
secure = ["certifi", "cryptography (>=1.3.4)", "idna (>=2.0.0)", "ipaddress", "pyOpenSSL (>=0.14)"]
socks = ["PySocks (>=1.5.6,!=1.5.7,<2.0)"]

[metadata]
lock-version = "2.0"
python-versions = "^3.9"
content-hash = "bfa099379f0b9f049cbe740a447962c6a46136955f162047ebfa24b2b6497318"
